
Microsoft Visual Studio Solution File, Format Version 12.00
# Visual Studio 15
VisualStudioVersion = 15.0.28307.1259
MinimumVisualStudioVersion = 10.0.40219.1
Project("{FAE04EC0-301F-11D3-BF4B-00C04F79EFBC}") = "HeThongBanVeXe", "HeThongBanVeXe\HeThongBanVeXe.csproj", "{A7545C37-FC8F-4D93-8D27-0A3898AD867C}"
EndProject
Project("{FAE04EC0-301F-11D3-BF4B-00C04F79EFBC}") = "Model", "Model\Model.csproj", "{45704147-45E9-48D8-B033-663E4F4C2B3A}"
EndProject
Global
	GlobalSection(SolutionConfigurationPlatforms) = preSolution
		Debug|Any CPU = Debug|Any CPU
		Release|Any CPU = Release|Any CPU
	EndGlobalSection
	GlobalSection(ProjectConfigurationPlatforms) = postSolution
		{A7545C37-FC8F-4D93-8D27-0A3898AD867C}.Debug|Any CPU.ActiveCfg = Debug|Any CPU
		{A7545C37-FC8F-4D93-8D27-0A3898AD867C}.Debug|Any CPU.Build.0 = Debug|Any CPU
		{A7545C37-FC8F-4D93-8D27-0A3898AD867C}.Release|Any CPU.ActiveCfg = Release|Any CPU
		{A7545C37-FC8F-4D93-8D27-0A3898AD867C}.Release|Any CPU.Build.0 = Release|Any CPU
		{45704147-45E9-48D8-B033-663E4F4C2B3A}.Debug|Any CPU.ActiveCfg = Debug|Any CPU
		{45704147-45E9-48D8-B033-663E4F4C2B3A}.Debug|Any CPU.Build.0 = Debug|Any CPU
		{45704147-45E9-48D8-B033-663E4F4C2B3A}.Release|Any CPU.ActiveCfg = Release|Any CPU
		{45704147-45E9-48D8-B033-663E4F4C2B3A}.Release|Any CPU.Build.0 = Release|Any CPU
	EndGlobalSection
	GlobalSection(SolutionProperties) = preSolution
		HideSolutionNode = FALSE
	EndGlobalSection
	GlobalSection(ExtensibilityGlobals) = postSolution
		SolutionGuid = {001E1974-8A05-4C81-B93D-87B2F20F92D5}
	EndGlobalSection
EndGlobal
